
Microsoft Visual Studio Solution File, Format Version 12.00
# Visual Studio Version 17
VisualStudioVersion = 17.13.35825.156 d17.13
MinimumVisualStudioVersion = 10.0.40219.1
Project("{FAE04EC0-301F-11D3-BF4B-00C04F79EFBC}") = "ClassCompanion", "ClassCompanion.csproj", "{D171EF23-BA7E-4AC5-8665-9C8BB13A52E5}"
EndProject
Global
	GlobalSection(SolutionConfigurationPlatforms) = preSolution
		Debug|Any CPU = Debug|Any CPU
		Release|Any CPU = Release|Any CPU
	EndGlobalSection
	GlobalSection(ProjectConfigurationPlatforms) = postSolution
		{D171EF23-BA7E-4AC5-8665-9C8BB13A52E5}.Debug|Any CPU.ActiveCfg = Debug|Any CPU
		{D171EF23-BA7E-4AC5-8665-9C8BB13A52E5}.Debug|Any CPU.Build.0 = Debug|Any CPU
		{D171EF23-BA7E-4AC5-8665-9C8BB13A52E5}.Release|Any CPU.ActiveCfg = Release|Any CPU
		{D171EF23-BA7E-4AC5-8665-9C8BB13A52E5}.Release|Any CPU.Build.0 = Release|Any CPU
	EndGlobalSection
	GlobalSection(SolutionProperties) = preSolution
		HideSolutionNode = FALSE
	EndGlobalSection
	GlobalSection(ExtensibilityGlobals) = postSolution
		SolutionGuid = {D154C161-98BB-47BC-89E1-AF7A7B409722}
	EndGlobalSection
EndGlobal
